// !$*UTF8*$!
{
	archiveVersion = 1;
	classes = {
	};
	objectVersion = 46;
	objects = {

/* Begin PBXBuildFile section */
		A4A6ACE41EEE342700F4DAA3 /* RCDPrivateSettingsCell.m in Sources */ = {isa = PBXBuildFile; fileRef = A4A6ACB71EEE342700F4DAA3 /* RCDPrivateSettingsCell.m */; };
		A4A6ACE51EEE342700F4DAA3 /* RCDPrivateSettingsTableViewController.m in Sources */ = {isa = PBXBuildFile; fileRef = A4A6ACB91EEE342700F4DAA3 /* RCDPrivateSettingsTableViewController.m */; };
		A4A6ACE61EEE342700F4DAA3 /* RCDPrivateSettingsUserInfoCell.m in Sources */ = {isa = PBXBuildFile; fileRef = A4A6ACBB1EEE342700F4DAA3 /* RCDPrivateSettingsUserInfoCell.m */; };
		A4A6ACE71EEE342700F4DAA3 /* RCDBaseSettingTableViewCell.m in Sources */ = {isa = PBXBuildFile; fileRef = A4A6ACC11EEE342700F4DAA3 /* RCDBaseSettingTableViewCell.m */; };
		A4A6ACE81EEE342700F4DAA3 /* RCDContactTableViewCell.m in Sources */ = {isa = PBXBuildFile; fileRef = A4A6ACC31EEE342700F4DAA3 /* RCDContactTableViewCell.m */; };
		A4A6ACE91EEE342700F4DAA3 /* RCDConversationSettingTableViewHeaderItem.m in Sources */ = {isa = PBXBuildFile; fileRef = A4A6ACC51EEE342700F4DAA3 /* RCDConversationSettingTableViewHeaderItem.m */; };
		A4A6ACEA1EEE342700F4DAA3 /* RCDGroupMembersTableViewController.m in Sources */ = {isa = PBXBuildFile; fileRef = A4A6ACC71EEE342700F4DAA3 /* RCDGroupMembersTableViewController.m */; };
		A4A6ACEB1EEE342700F4DAA3 /* RCDGroupSettingsTableViewController.m in Sources */ = {isa = PBXBuildFile; fileRef = A4A6ACC91EEE342700F4DAA3 /* RCDGroupSettingsTableViewController.m */; };
		A4A6ACEC1EEE342700F4DAA3 /* RCDRCIMDataSource.m in Sources */ = {isa = PBXBuildFile; fileRef = A4A6ACCD1EEE342700F4DAA3 /* RCDRCIMDataSource.m */; };
		A4A6ACEE1EEE342700F4DAA3 /* RongIMKit.framework in Frameworks */ = {isa = PBXBuildFile; fileRef = A4A6ACD11EEE342700F4DAA3 /* RongIMKit.framework */; };
		A4A6ACEF1EEE342700F4DAA3 /* RongIMLib.framework in Frameworks */ = {isa = PBXBuildFile; fileRef = A4A6ACD21EEE342700F4DAA3 /* RongIMLib.framework */; };
		A4A6ACF01EEE342700F4DAA3 /* DefaultPortraitView.m in Sources */ = {isa = PBXBuildFile; fileRef = A4A6ACD51EEE342700F4DAA3 /* DefaultPortraitView.m */; };
		A4A6ACF11EEE342700F4DAA3 /* pinyin.c in Sources */ = {isa = PBXBuildFile; fileRef = A4A6ACD61EEE342700F4DAA3 /* pinyin.c */; };
		A4A6ACF21EEE342700F4DAA3 /* RCDUIBarButtonItem.m in Sources */ = {isa = PBXBuildFile; fileRef = A4A6ACDA1EEE342700F4DAA3 /* RCDUIBarButtonItem.m */; };
		A4A6ACF31EEE342700F4DAA3 /* RCDUtilities.m in Sources */ = {isa = PBXBuildFile; fileRef = A4A6ACDC1EEE342700F4DAA3 /* RCDUtilities.m */; };
		A4A6ACF41EEE342700F4DAA3 /* UIColor+RCColor.m in Sources */ = {isa = PBXBuildFile; fileRef = A4A6ACDE1EEE342700F4DAA3 /* UIColor+RCColor.m */; };
		A4A6ACF51EEE342700F4DAA3 /* VTChatListViewController.m in Sources */ = {isa = PBXBuildFile; fileRef = A4A6ACE01EEE342700F4DAA3 /* VTChatListViewController.m */; };
		A4A6ACF61EEE342700F4DAA3 /* VTConversationViewController.m in Sources */ = {isa = PBXBuildFile; fileRef = A4A6ACE21EEE342700F4DAA3 /* VTConversationViewController.m */; };
		A4A6ACF71EEE354900F4DAA3 /* Emoji.plist in CopyFiles */ = {isa = PBXBuildFile; fileRef = A4A6ACBC1EEE342700F4DAA3 /* Emoji.plist */; };
		B3E7B58A1CC2AC0600A0062D /* SMOSmRongim.m in Sources */ = {isa = PBXBuildFile; fileRef = B3E7B5891CC2AC0600A0062D /* SMOSmRongim.m */; };
/* End PBXBuildFile section */

/* Begin PBXCopyFilesBuildPhase section */
		58B511D91A9E6C8500147676 /* CopyFiles */ = {
			isa = PBXCopyFilesBuildPhase;
			buildActionMask = 2147483647;
			dstPath = "include/$(PRODUCT_NAME)";
			dstSubfolderSpec = 16;
			files = (
				A4A6ACF71EEE354900F4DAA3 /* Emoji.plist in CopyFiles */,
			);
			runOnlyForDeploymentPostprocessing = 0;
		};
/* End PBXCopyFilesBuildPhase section */

/* Begin PBXFileReference section */
		134814201AA4EA6300B7C361 /* libSMOSmRongim.a */ = {isa = PBXFileReference; explicitFileType = archive.ar; includeInIndex = 0; path = libSMOSmRongim.a; sourceTree = BUILT_PRODUCTS_DIR; };
		A402D8251EC97EA00007C8BB /* SMOSmRongim_ios.plist */ = {isa = PBXFileReference; fileEncoding = 4; lastKnownFileType = text.plist.xml; path = SMOSmRongim_ios.plist; sourceTree = "<group>"; };
		A4A6ACB61EEE342700F4DAA3 /* RCDPrivateSettingsCell.h */ = {isa = PBXFileReference; fileEncoding = 4; lastKnownFileType = sourcecode.c.h; path = RCDPrivateSettingsCell.h; sourceTree = "<group>"; };
		A4A6ACB71EEE342700F4DAA3 /* RCDPrivateSettingsCell.m */ = {isa = PBXFileReference; fileEncoding = 4; lastKnownFileType = sourcecode.c.objc; path = RCDPrivateSettingsCell.m; sourceTree = "<group>"; };
		A4A6ACB81EEE342700F4DAA3 /* RCDPrivateSettingsTableViewController.h */ = {isa = PBXFileReference; fileEncoding = 4; lastKnownFileType = sourcecode.c.h; path = RCDPrivateSettingsTableViewController.h; sourceTree = "<group>"; };
		A4A6ACB91EEE342700F4DAA3 /* RCDPrivateSettingsTableViewController.m */ = {isa = PBXFileReference; fileEncoding = 4; lastKnownFileType = sourcecode.c.objc; path = RCDPrivateSettingsTableViewController.m; sourceTree = "<group>"; };
		A4A6ACBA1EEE342700F4DAA3 /* RCDPrivateSettingsUserInfoCell.h */ = {isa = PBXFileReference; fileEncoding = 4; lastKnownFileType = sourcecode.c.h; path = RCDPrivateSettingsUserInfoCell.h; sourceTree = "<group>"; };
		A4A6ACBB1EEE342700F4DAA3 /* RCDPrivateSettingsUserInfoCell.m */ = {isa = PBXFileReference; fileEncoding = 4; lastKnownFileType = sourcecode.c.objc; path = RCDPrivateSettingsUserInfoCell.m; sourceTree = "<group>"; };
		A4A6ACBC1EEE342700F4DAA3 /* Emoji.plist */ = {isa = PBXFileReference; fileEncoding = 4; lastKnownFileType = text.plist.xml; path = Emoji.plist; sourceTree = "<group>"; };
		A4A6ACBE1EEE342700F4DAA3 /* en */ = {isa = PBXFileReference; lastKnownFileType = text.plist.strings; name = en; path = en.lproj/RongCloudKit.strings; sourceTree = "<group>"; };
		A4A6ACC01EEE342700F4DAA3 /* RCDBaseSettingTableViewCell.h */ = {isa = PBXFileReference; fileEncoding = 4; lastKnownFileType = sourcecode.c.h; path = RCDBaseSettingTableViewCell.h; sourceTree = "<group>"; };
		A4A6ACC11EEE342700F4DAA3 /* RCDBaseSettingTableViewCell.m */ = {isa = PBXFileReference; fileEncoding = 4; lastKnownFileType = sourcecode.c.objc; path = RCDBaseSettingTableViewCell.m; sourceTree = "<group>"; };
		A4A6ACC21EEE342700F4DAA3 /* RCDContactTableViewCell.h */ = {isa = PBXFileReference; fileEncoding = 4; lastKnownFileType = sourcecode.c.h; path = RCDContactTableViewCell.h; sourceTree = "<group>"; };
		A4A6ACC31EEE342700F4DAA3 /* RCDContactTableViewCell.m */ = {isa = PBXFileReference; fileEncoding = 4; lastKnownFileType = sourcecode.c.objc; path = RCDContactTableViewCell.m; sourceTree = "<group>"; };
		A4A6ACC41EEE342700F4DAA3 /* RCDConversationSettingTableViewHeaderItem.h */ = {isa = PBXFileReference; fileEncoding = 4; lastKnownFileType = sourcecode.c.h; path = RCDConversationSettingTableViewHeaderItem.h; sourceTree = "<group>"; };
		A4A6ACC51EEE342700F4DAA3 /* RCDConversationSettingTableViewHeaderItem.m */ = {isa = PBXFileReference; fileEncoding = 4; lastKnownFileType = sourcecode.c.objc; path = RCDConversationSettingTableViewHeaderItem.m; sourceTree = "<group>"; };
		A4A6ACC61EEE342700F4DAA3 /* RCDGroupMembersTableViewController.h */ = {isa = PBXFileReference; fileEncoding = 4; lastKnownFileType = sourcecode.c.h; path = RCDGroupMembersTableViewController.h; sourceTree = "<group>"; };
		A4A6ACC71EEE342700F4DAA3 /* RCDGroupMembersTableViewController.m */ = {isa = PBXFileReference; fileEncoding = 4; lastKnownFileType = sourcecode.c.objc; path = RCDGroupMembersTableViewController.m; sourceTree = "<group>"; };
		A4A6ACC81EEE342700F4DAA3 /* RCDGroupSettingsTableViewController.h */ = {isa = PBXFileReference; fileEncoding = 4; lastKnownFileType = sourcecode.c.h; path = RCDGroupSettingsTableViewController.h; sourceTree = "<group>"; };
		A4A6ACC91EEE342700F4DAA3 /* RCDGroupSettingsTableViewController.m */ = {isa = PBXFileReference; fileEncoding = 4; lastKnownFileType = sourcecode.c.objc; path = RCDGroupSettingsTableViewController.m; sourceTree = "<group>"; };
		A4A6ACCA1EEE342700F4DAA3 /* Main.storyboard */ = {isa = PBXFileReference; fileEncoding = 4; lastKnownFileType = file.storyboard; path = Main.storyboard; sourceTree = "<group>"; };
		A4A6ACCB1EEE342700F4DAA3 /* RCConfig.plist */ = {isa = PBXFileReference; fileEncoding = 4; lastKnownFileType = text.plist.xml; path = RCConfig.plist; sourceTree = "<group>"; };
		A4A6ACCC1EEE342700F4DAA3 /* RCDRCIMDataSource.h */ = {isa = PBXFileReference; fileEncoding = 4; lastKnownFileType = sourcecode.c.h; path = RCDRCIMDataSource.h; sourceTree = "<group>"; };
		A4A6ACCD1EEE342700F4DAA3 /* RCDRCIMDataSource.m */ = {isa = PBXFileReference; fileEncoding = 4; lastKnownFileType = sourcecode.c.objc; path = RCDRCIMDataSource.m; sourceTree = "<group>"; };
		A4A6ACD11EEE342700F4DAA3 /* RongIMKit.framework */ = {isa = PBXFileReference; lastKnownFileType = wrapper.framework; path = RongIMKit.framework; sourceTree = "<group>"; };
		A4A6ACD21EEE342700F4DAA3 /* RongIMLib.framework */ = {isa = PBXFileReference; lastKnownFileType = wrapper.framework; path = RongIMLib.framework; sourceTree = "<group>"; };
		A4A6ACD41EEE342700F4DAA3 /* DefaultPortraitView.h */ = {isa = PBXFileReference; fileEncoding = 4; lastKnownFileType = sourcecode.c.h; path = DefaultPortraitView.h; sourceTree = "<group>"; };
		A4A6ACD51EEE342700F4DAA3 /* DefaultPortraitView.m */ = {isa = PBXFileReference; fileEncoding = 4; lastKnownFileType = sourcecode.c.objc; path = DefaultPortraitView.m; sourceTree = "<group>"; };
		A4A6ACD61EEE342700F4DAA3 /* pinyin.c */ = {isa = PBXFileReference; fileEncoding = 4; lastKnownFileType = sourcecode.c.c; path = pinyin.c; sourceTree = "<group>"; };
		A4A6ACD71EEE342700F4DAA3 /* pinyin.h */ = {isa = PBXFileReference; fileEncoding = 4; lastKnownFileType = sourcecode.c.h; path = pinyin.h; sourceTree = "<group>"; };
		A4A6ACD81EEE342700F4DAA3 /* RCDCommonDefine.h */ = {isa = PBXFileReference; fileEncoding = 4; lastKnownFileType = sourcecode.c.h; path = RCDCommonDefine.h; sourceTree = "<group>"; };
		A4A6ACD91EEE342700F4DAA3 /* RCDUIBarButtonItem.h */ = {isa = PBXFileReference; fileEncoding = 4; lastKnownFileType = sourcecode.c.h; path = RCDUIBarButtonItem.h; sourceTree = "<group>"; };
		A4A6ACDA1EEE342700F4DAA3 /* RCDUIBarButtonItem.m */ = {isa = PBXFileReference; fileEncoding = 4; lastKnownFileType = sourcecode.c.objc; path = RCDUIBarButtonItem.m; sourceTree = "<group>"; };
		A4A6ACDB1EEE342700F4DAA3 /* RCDUtilities.h */ = {isa = PBXFileReference; fileEncoding = 4; lastKnownFileType = sourcecode.c.h; path = RCDUtilities.h; sourceTree = "<group>"; };
		A4A6ACDC1EEE342700F4DAA3 /* RCDUtilities.m */ = {isa = PBXFileReference; fileEncoding = 4; lastKnownFileType = sourcecode.c.objc; path = RCDUtilities.m; sourceTree = "<group>"; };
		A4A6ACDD1EEE342700F4DAA3 /* UIColor+RCColor.h */ = {isa = PBXFileReference; fileEncoding = 4; lastKnownFileType = sourcecode.c.h; path = "UIColor+RCColor.h"; sourceTree = "<group>"; };
		A4A6ACDE1EEE342700F4DAA3 /* UIColor+RCColor.m */ = {isa = PBXFileReference; fileEncoding = 4; lastKnownFileType = sourcecode.c.objc; path = "UIColor+RCColor.m"; sourceTree = "<group>"; };
		A4A6ACDF1EEE342700F4DAA3 /* VTChatListViewController.h */ = {isa = PBXFileReference; fileEncoding = 4; lastKnownFileType = sourcecode.c.h; path = VTChatListViewController.h; sourceTree = "<group>"; };
		A4A6ACE01EEE342700F4DAA3 /* VTChatListViewController.m */ = {isa = PBXFileReference; fileEncoding = 4; lastKnownFileType = sourcecode.c.objc; path = VTChatListViewController.m; sourceTree = "<group>"; };
		A4A6ACE11EEE342700F4DAA3 /* VTConversationViewController.h */ = {isa = PBXFileReference; fileEncoding = 4; lastKnownFileType = sourcecode.c.h; path = VTConversationViewController.h; sourceTree = "<group>"; };
		A4A6ACE21EEE342700F4DAA3 /* VTConversationViewController.m */ = {isa = PBXFileReference; fileEncoding = 4; lastKnownFileType = sourcecode.c.objc; path = VTConversationViewController.m; sourceTree = "<group>"; };
		A4A6ACE31EEE342700F4DAA3 /* zh-Hans */ = {isa = PBXFileReference; lastKnownFileType = text.plist.strings; name = "zh-Hans"; path = "zh-Hans.lproj/RongCloudKit.strings"; sourceTree = "<group>"; };
		A4A6AD661EEE645400F4DAA3 /* RongCloud.bundle */ = {isa = PBXFileReference; lastKnownFileType = "wrapper.plug-in"; path = RongCloud.bundle; sourceTree = "<group>"; };
		B3E7B5881CC2AC0600A0062D /* SMOSmRongim.h */ = {isa = PBXFileReference; fileEncoding = 4; lastKnownFileType = sourcecode.c.h; path = SMOSmRongim.h; sourceTree = "<group>"; };
		B3E7B5891CC2AC0600A0062D /* SMOSmRongim.m */ = {isa = PBXFileReference; fileEncoding = 4; lastKnownFileType = sourcecode.c.objc; path = SMOSmRongim.m; sourceTree = "<group>"; };
/* End PBXFileReference section */

/* Begin PBXFrameworksBuildPhase section */
		58B511D81A9E6C8500147676 /* Frameworks */ = {
			isa = PBXFrameworksBuildPhase;
			buildActionMask = 2147483647;
			files = (
				A4A6ACEF1EEE342700F4DAA3 /* RongIMLib.framework in Frameworks */,
				A4A6ACEE1EEE342700F4DAA3 /* RongIMKit.framework in Frameworks */,
			);
			runOnlyForDeploymentPostprocessing = 0;
		};
/* End PBXFrameworksBuildPhase section */

/* Begin PBXGroup section */
		134814211AA4EA7D00B7C361 /* Products */ = {
			isa = PBXGroup;
			children = (
				134814201AA4EA6300B7C361 /* libSMOSmRongim.a */,
			);
			name = Products;
			sourceTree = "<group>";
		};
		58B511D21A9E6C8500147676 = {
			isa = PBXGroup;
			children = (
				A4A6ACB41EEE342700F4DAA3 /* RongCloud */,
				A402D8251EC97EA00007C8BB /* SMOSmRongim_ios.plist */,
				B3E7B5881CC2AC0600A0062D /* SMOSmRongim.h */,
				B3E7B5891CC2AC0600A0062D /* SMOSmRongim.m */,
				134814211AA4EA7D00B7C361 /* Products */,
			);
			sourceTree = "<group>";
		};
		A4A6ACB41EEE342700F4DAA3 /* RongCloud */ = {
			isa = PBXGroup;
			children = (
				A4A6AD661EEE645400F4DAA3 /* RongCloud.bundle */,
				A4A6ACB51EEE342700F4DAA3 /* ChartList */,
				A4A6ACBC1EEE342700F4DAA3 /* Emoji.plist */,
				A4A6ACBD1EEE342700F4DAA3 /* RongCloudKit.strings */,
				A4A6ACBF1EEE342700F4DAA3 /* Group */,
				A4A6ACCA1EEE342700F4DAA3 /* Main.storyboard */,
				A4A6ACCB1EEE342700F4DAA3 /* RCConfig.plist */,
				A4A6ACCC1EEE342700F4DAA3 /* RCDRCIMDataSource.h */,
				A4A6ACCD1EEE342700F4DAA3 /* RCDRCIMDataSource.m */,
				A4A6ACD11EEE342700F4DAA3 /* RongIMKit.framework */,
				A4A6ACD21EEE342700F4DAA3 /* RongIMLib.framework */,
				A4A6ACD31EEE342700F4DAA3 /* Utilities */,
				A4A6ACDF1EEE342700F4DAA3 /* VTChatListViewController.h */,
				A4A6ACE01EEE342700F4DAA3 /* VTChatListViewController.m */,
				A4A6ACE11EEE342700F4DAA3 /* VTConversationViewController.h */,
				A4A6ACE21EEE342700F4DAA3 /* VTConversationViewController.m */,
			);
			path = RongCloud;
			sourceTree = "<group>";
		};
		A4A6ACB51EEE342700F4DAA3 /* ChartList */ = {
			isa = PBXGroup;
			children = (
				A4A6ACB61EEE342700F4DAA3 /* RCDPrivateSettingsCell.h */,
				A4A6ACB71EEE342700F4DAA3 /* RCDPrivateSettingsCell.m */,
				A4A6ACB81EEE342700F4DAA3 /* RCDPrivateSettingsTableViewController.h */,
				A4A6ACB91EEE342700F4DAA3 /* RCDPrivateSettingsTableViewController.m */,
				A4A6ACBA1EEE342700F4DAA3 /* RCDPrivateSettingsUserInfoCell.h */,
				A4A6ACBB1EEE342700F4DAA3 /* RCDPrivateSettingsUserInfoCell.m */,
			);
			path = ChartList;
			sourceTree = "<group>";
		};
		A4A6ACBF1EEE342700F4DAA3 /* Group */ = {
			isa = PBXGroup;
			children = (
				A4A6ACC01EEE342700F4DAA3 /* RCDBaseSettingTableViewCell.h */,
				A4A6ACC11EEE342700F4DAA3 /* RCDBaseSettingTableViewCell.m */,
				A4A6ACC21EEE342700F4DAA3 /* RCDContactTableViewCell.h */,
				A4A6ACC31EEE342700F4DAA3 /* RCDContactTableViewCell.m */,
				A4A6ACC41EEE342700F4DAA3 /* RCDConversationSettingTableViewHeaderItem.h */,
				A4A6ACC51EEE342700F4DAA3 /* RCDConversationSettingTableViewHeaderItem.m */,
				A4A6ACC61EEE342700F4DAA3 /* RCDGroupMembersTableViewController.h */,
				A4A6ACC71EEE342700F4DAA3 /* RCDGroupMembersTableViewController.m */,
				A4A6ACC81EEE342700F4DAA3 /* RCDGroupSettingsTableViewController.h */,
				A4A6ACC91EEE342700F4DAA3 /* RCDGroupSettingsTableViewController.m */,
			);
			path = Group;
			sourceTree = "<group>";
		};
		A4A6ACD31EEE342700F4DAA3 /* Utilities */ = {
			isa = PBXGroup;
			children = (
				A4A6ACD41EEE342700F4DAA3 /* DefaultPortraitView.h */,
				A4A6ACD51EEE342700F4DAA3 /* DefaultPortraitView.m */,
				A4A6ACD61EEE342700F4DAA3 /* pinyin.c */,
				A4A6ACD71EEE342700F4DAA3 /* pinyin.h */,
				A4A6ACD81EEE342700F4DAA3 /* RCDCommonDefine.h */,
				A4A6ACD91EEE342700F4DAA3 /* RCDUIBarButtonItem.h */,
				A4A6ACDA1EEE342700F4DAA3 /* RCDUIBarButtonItem.m */,
				A4A6ACDB1EEE342700F4DAA3 /* RCDUtilities.h */,
				A4A6ACDC1EEE342700F4DAA3 /* RCDUtilities.m */,
				A4A6ACDD1EEE342700F4DAA3 /* UIColor+RCColor.h */,
				A4A6ACDE1EEE342700F4DAA3 /* UIColor+RCColor.m */,
			);
			path = Utilities;
			sourceTree = "<group>";
		};
/* End PBXGroup section */

/* Begin PBXNativeTarget section */
		58B511DA1A9E6C8500147676 /* SMOSmRongim */ = {
			isa = PBXNativeTarget;
			buildConfigurationList = 58B511EF1A9E6C8500147676 /* Build configuration list for PBXNativeTarget "SMOSmRongim" */;
			buildPhases = (
				58B511D71A9E6C8500147676 /* Sources */,
				58B511D81A9E6C8500147676 /* Frameworks */,
				58B511D91A9E6C8500147676 /* CopyFiles */,
			);
			buildRules = (
			);
			dependencies = (
			);
			name = SMOSmRongim;
			productName = RCTDataManager;
			productReference = 134814201AA4EA6300B7C361 /* libSMOSmRongim.a */;
			productType = "com.apple.product-type.library.static";
		};
/* End PBXNativeTarget section */

/* Begin PBXProject section */
		58B511D31A9E6C8500147676 /* Project object */ = {
			isa = PBXProject;
			attributes = {
				LastUpgradeCheck = 0610;
				ORGANIZATIONNAME = Facebook;
				TargetAttributes = {
					58B511DA1A9E6C8500147676 = {
						CreatedOnToolsVersion = 6.1.1;
					};
				};
			};
			buildConfigurationList = 58B511D61A9E6C8500147676 /* Build configuration list for PBXProject "SMOSmRongim" */;
			compatibilityVersion = "Xcode 3.2";
			developmentRegion = English;
			hasScannedForEncodings = 0;
			knownRegions = (
				en,
				"zh-Hans",
			);
			mainGroup = 58B511D21A9E6C8500147676;
			productRefGroup = 58B511D21A9E6C8500147676;
			projectDirPath = "";
			projectRoot = "";
			targets = (
				58B511DA1A9E6C8500147676 /* SMOSmRongim */,
			);
		};
/* End PBXProject section */

/* Begin PBXSourcesBuildPhase section */
		58B511D71A9E6C8500147676 /* Sources */ = {
			isa = PBXSourcesBuildPhase;
			buildActionMask = 2147483647;
			files = (
				A4A6ACE41EEE342700F4DAA3 /* RCDPrivateSettingsCell.m in Sources */,
				A4A6ACEC1EEE342700F4DAA3 /* RCDRCIMDataSource.m in Sources */,
				B3E7B58A1CC2AC0600A0062D /* SMOSmRongim.m in Sources */,
				A4A6ACE71EEE342700F4DAA3 /* RCDBaseSettingTableViewCell.m in Sources */,
				A4A6ACF01EEE342700F4DAA3 /* DefaultPortraitView.m in Sources */,
				A4A6ACE61EEE342700F4DAA3 /* RCDPrivateSettingsUserInfoCell.m in Sources */,
				A4A6ACEB1EEE342700F4DAA3 /* RCDGroupSettingsTableViewController.m in Sources */,
				A4A6ACF41EEE342700F4DAA3 /* UIColor+RCColor.m in Sources */,
				A4A6ACE91EEE342700F4DAA3 /* RCDConversationSettingTableViewHeaderItem.m in Sources */,
				A4A6ACF31EEE342700F4DAA3 /* RCDUtilities.m in Sources */,
				A4A6ACE81EEE342700F4DAA3 /* RCDContactTableViewCell.m in Sources */,
				A4A6ACF21EEE342700F4DAA3 /* RCDUIBarButtonItem.m in Sources */,
				A4A6ACF61EEE342700F4DAA3 /* VTConversationViewController.m in Sources */,
				A4A6ACF51EEE342700F4DAA3 /* VTChatListViewController.m in Sources */,
				A4A6ACE51EEE342700F4DAA3 /* RCDPrivateSettingsTableViewController.m in Sources */,
				A4A6ACF11EEE342700F4DAA3 /* pinyin.c in Sources */,
				A4A6ACEA1EEE342700F4DAA3 /* RCDGroupMembersTableViewController.m in Sources */,
			);
			runOnlyForDeploymentPostprocessing = 0;
		};
/* End PBXSourcesBuildPhase section */

/* Begin PBXVariantGroup section */
		A4A6ACBD1EEE342700F4DAA3 /* RongCloudKit.strings */ = {
			isa = PBXVariantGroup;
			children = (
				A4A6ACBE1EEE342700F4DAA3 /* en */,
				A4A6ACE31EEE342700F4DAA3 /* zh-Hans */,
			);
			name = RongCloudKit.strings;
			sourceTree = "<group>";
		};
/* End PBXVariantGroup section */

/* Begin XCBuildConfiguration section */
		58B511ED1A9E6C8500147676 /* Debug */ = {
			isa = XCBuildConfiguration;
			buildSettings = {
				ALWAYS_SEARCH_USER_PATHS = NO;
				CLANG_CXX_LANGUAGE_STANDARD = "gnu++0x";
				CLANG_CXX_LIBRARY = "libc++";
				CLANG_ENABLE_MODULES = YES;
				CLANG_ENABLE_OBJC_ARC = YES;
				CLANG_WARN_BOOL_CONVERSION = YES;
				CLANG_WARN_CONSTANT_CONVERSION = YES;
				CLANG_WARN_DIRECT_OBJC_ISA_USAGE = YES_ERROR;
				CLANG_WARN_EMPTY_BODY = YES;
				CLANG_WARN_ENUM_CONVERSION = YES;
				CLANG_WARN_INT_CONVERSION = YES;
				CLANG_WARN_OBJC_ROOT_CLASS = YES_ERROR;
				CLANG_WARN_UNREACHABLE_CODE = YES;
				CLANG_WARN__DUPLICATE_METHOD_MATCH = YES;
				COPY_PHASE_STRIP = NO;
				ENABLE_STRICT_OBJC_MSGSEND = YES;
				GCC_C_LANGUAGE_STANDARD = gnu99;
				GCC_DYNAMIC_NO_PIC = NO;
				GCC_OPTIMIZATION_LEVEL = 0;
				GCC_PREPROCESSOR_DEFINITIONS = (
					"DEBUG=1",
					"$(inherited)",
				);
				GCC_SYMBOLS_PRIVATE_EXTERN = NO;
				GCC_WARN_64_TO_32_BIT_CONVERSION = YES;
				GCC_WARN_ABOUT_RETURN_TYPE = YES_ERROR;
				GCC_WARN_UNDECLARED_SELECTOR = YES;
				GCC_WARN_UNINITIALIZED_AUTOS = YES_AGGRESSIVE;
				GCC_WARN_UNUSED_FUNCTION = YES;
				GCC_WARN_UNUSED_VARIABLE = YES;
				IPHONEOS_DEPLOYMENT_TARGET = 8.0;
				MTL_ENABLE_DEBUG_INFO = YES;
				ONLY_ACTIVE_ARCH = YES;
				SDKROOT = iphoneos;
			};
			name = Debug;
		};
		58B511EE1A9E6C8500147676 /* Release */ = {
			isa = XCBuildConfiguration;
			buildSettings = {
				ALWAYS_SEARCH_USER_PATHS = NO;
				CLANG_CXX_LANGUAGE_STANDARD = "gnu++0x";
				CLANG_CXX_LIBRARY = "libc++";
				CLANG_ENABLE_MODULES = YES;
				CLANG_ENABLE_OBJC_ARC = YES;
				CLANG_WARN_BOOL_CONVERSION = YES;
				CLANG_WARN_CONSTANT_CONVERSION = YES;
				CLANG_WARN_DIRECT_OBJC_ISA_USAGE = YES_ERROR;
				CLANG_WARN_EMPTY_BODY = YES;
				CLANG_WARN_ENUM_CONVERSION = YES;
				CLANG_WARN_INT_CONVERSION = YES;
				CLANG_WARN_OBJC_ROOT_CLASS = YES_ERROR;
				CLANG_WARN_UNREACHABLE_CODE = YES;
				CLANG_WARN__DUPLICATE_METHOD_MATCH = YES;
				COPY_PHASE_STRIP = YES;
				ENABLE_NS_ASSERTIONS = NO;
				ENABLE_STRICT_OBJC_MSGSEND = YES;
				GCC_C_LANGUAGE_STANDARD = gnu99;
				GCC_WARN_64_TO_32_BIT_CONVERSION = YES;
				GCC_WARN_ABOUT_RETURN_TYPE = YES_ERROR;
				GCC_WARN_UNDECLARED_SELECTOR = YES;
				GCC_WARN_UNINITIALIZED_AUTOS = YES_AGGRESSIVE;
				GCC_WARN_UNUSED_FUNCTION = YES;
				GCC_WARN_UNUSED_VARIABLE = YES;
				IPHONEOS_DEPLOYMENT_TARGET = 8.0;
				MTL_ENABLE_DEBUG_INFO = NO;
				SDKROOT = iphoneos;
				VALIDATE_PRODUCT = YES;
			};
			name = Release;
		};
		58B511F01A9E6C8500147676 /* Debug */ = {
			isa = XCBuildConfiguration;
			buildSettings = {
				FRAMEWORK_SEARCH_PATHS = (
					"$(inherited)",
					"$(PROJECT_DIR)/RongCloud",
				);
				HEADER_SEARCH_PATHS = (
					"$(inherited)",
					/Applications/Xcode.app/Contents/Developer/Toolchains/XcodeDefault.xctoolchain/usr/include,
					"$(SRCROOT)/../../React/**",
					"$(SRCROOT)/../../node_modules/react-native/React/**",
				);
				LIBRARY_SEARCH_PATHS = "$(inherited)";
				OTHER_LDFLAGS = "-ObjC";
				PRODUCT_NAME = SMOSmRongim;
				SKIP_INSTALL = YES;
			};
			name = Debug;
		};
		58B511F11A9E6C8500147676 /* Release */ = {
			isa = XCBuildConfiguration;
			buildSettings = {
				FRAMEWORK_SEARCH_PATHS = (
					"$(inherited)",
					"$(PROJECT_DIR)/RongCloud",
				);
				HEADER_SEARCH_PATHS = (
					"$(inherited)",
					/Applications/Xcode.app/Contents/Developer/Toolchains/XcodeDefault.xctoolchain/usr/include,
					"$(SRCROOT)/../../React/**",
				);
				LIBRARY_SEARCH_PATHS = "$(inherited)";
				OTHER_LDFLAGS = "-ObjC";
				PRODUCT_NAME = SMOSmRongim;
				SKIP_INSTALL = YES;
			};
			name = Release;
		};
/* End XCBuildConfiguration section */

/* Begin XCConfigurationList section */
		58B511D61A9E6C8500147676 /* Build configuration list for PBXProject "SMOSmRongim" */ = {
			isa = XCConfigurationList;
			buildConfigurations = (
				58B511ED1A9E6C8500147676 /* Debug */,
				58B511EE1A9E6C8500147676 /* Release */,
			);
			defaultConfigurationIsVisible = 0;
			defaultConfigurationName = Release;
		};
		58B511EF1A9E6C8500147676 /* Build configuration list for PBXNativeTarget "SMOSmRongim" */ = {
			isa = XCConfigurationList;
			buildConfigurations = (
				58B511F01A9E6C8500147676 /* Debug */,
				58B511F11A9E6C8500147676 /* Release */,
			);
			defaultConfigurationIsVisible = 0;
			defaultConfigurationName = Release;
		};
/* End XCConfigurationList section */
	};
	rootObject = 58B511D31A9E6C8500147676 /* Project object */;
}
